
Microsoft Visual Studio Solution File, Format Version 12.00
# Visual Studio Version 16
VisualStudioVersion = 16.0.29905.134
MinimumVisualStudioVersion = 10.0.40219.1
Project("{FAE04EC0-301F-11D3-BF4B-00C04F79EFBC}") = "ExecExecl", "ExecExecl\ExecExecl.csproj", "{89FA72BE-16CC-47BF-92A6-CA40E6BF537E}"
EndProject
Global
	GlobalSection(SolutionConfigurationPlatforms) = preSolution
		Debug|Any CPU = Debug|Any CPU
		Release|Any CPU = Release|Any CPU
	EndGlobalSection
	GlobalSection(ProjectConfigurationPlatforms) = postSolution
		{89FA72BE-16CC-47BF-92A6-CA40E6BF537E}.Debug|Any CPU.ActiveCfg = Debug|Any CPU
		{89FA72BE-16CC-47BF-92A6-CA40E6BF537E}.Debug|Any CPU.Build.0 = Debug|Any CPU
		{89FA72BE-16CC-47BF-92A6-CA40E6BF537E}.Release|Any CPU.ActiveCfg = Release|Any CPU
		{89FA72BE-16CC-47BF-92A6-CA40E6BF537E}.Release|Any CPU.Build.0 = Release|Any CPU
	EndGlobalSection
	GlobalSection(SolutionProperties) = preSolution
		HideSolutionNode = FALSE
	EndGlobalSection
	GlobalSection(ExtensibilityGlobals) = postSolution
		SolutionGuid = {C5AA45AF-845B-4BCA-A850-8F5BA2F0DB8D}
	EndGlobalSection
EndGlobal
